
Microsoft Visual Studio Solution File, Format Version 12.00
# Visual Studio Version 17
VisualStudioVersion = 17.9.34728.123
MinimumVisualStudioVersion = 10.0.40219.1
Project("{9A19103F-16F7-4668-BE54-9A1E7A4F7556}") = "GeoSpotter.API", "GeoSpotter.API\GeoSpotter.API.csproj", "{700A15D6-9075-4469-AAEC-5C34F50530E8}"
EndProject
Project("{FAE04EC0-301F-11D3-BF4B-00C04F79EFBC}") = "GeoSpotter.Subscriber", "GeoSpotter.Subscriber\GeoSpotter.Subscriber.csproj", "{5CB84DD9-2AC8-4584-AFCF-F7706885B263}"
EndProject
Project("{FAE04EC0-301F-11D3-BF4B-00C04F79EFBC}") = "GeoSpotter.Shared", "GeoSpotter.Shared\GeoSpotter.Shared.csproj", "{B6A0953D-61F1-43B4-9B32-3918886C1240}"
EndProject
Global
	GlobalSection(SolutionConfigurationPlatforms) = preSolution
		Debug|Any CPU = Debug|Any CPU
		Release|Any CPU = Release|Any CPU
	EndGlobalSection
	GlobalSection(ProjectConfigurationPlatforms) = postSolution
		{700A15D6-9075-4469-AAEC-5C34F50530E8}.Debug|Any CPU.ActiveCfg = Debug|Any CPU
		{700A15D6-9075-4469-AAEC-5C34F50530E8}.Debug|Any CPU.Build.0 = Debug|Any CPU
		{700A15D6-9075-4469-AAEC-5C34F50530E8}.Release|Any CPU.ActiveCfg = Release|Any CPU
		{700A15D6-9075-4469-AAEC-5C34F50530E8}.Release|Any CPU.Build.0 = Release|Any CPU
		{5CB84DD9-2AC8-4584-AFCF-F7706885B263}.Debug|Any CPU.ActiveCfg = Debug|Any CPU
		{5CB84DD9-2AC8-4584-AFCF-F7706885B263}.Debug|Any CPU.Build.0 = Debug|Any CPU
		{5CB84DD9-2AC8-4584-AFCF-F7706885B263}.Release|Any CPU.ActiveCfg = Release|Any CPU
		{5CB84DD9-2AC8-4584-AFCF-F7706885B263}.Release|Any CPU.Build.0 = Release|Any CPU
		{B6A0953D-61F1-43B4-9B32-3918886C1240}.Debug|Any CPU.ActiveCfg = Debug|Any CPU
		{B6A0953D-61F1-43B4-9B32-3918886C1240}.Debug|Any CPU.Build.0 = Debug|Any CPU
		{B6A0953D-61F1-43B4-9B32-3918886C1240}.Release|Any CPU.ActiveCfg = Release|Any CPU
		{B6A0953D-61F1-43B4-9B32-3918886C1240}.Release|Any CPU.Build.0 = Release|Any CPU
	EndGlobalSection
	GlobalSection(SolutionProperties) = preSolution
		HideSolutionNode = FALSE
	EndGlobalSection
	GlobalSection(ExtensibilityGlobals) = postSolution
		SolutionGuid = {0679A83B-D94D-40DB-A84E-5899D8E2BF5A}
	EndGlobalSection
EndGlobal
